// !$*UTF8*$!
{
	archiveVersion = 1;
	classes = {
	};
	objectVersion = 56;
	objects = {

/* Begin PBXBuildFile section */
		722C42782BD6C02100BD516E /* AsyncArchitectureApp.swift in Sources */ = {isa = PBXBuildFile; fileRef = 722C42772BD6C02100BD516E /* AsyncArchitectureApp.swift */; };
		722C427C2BD6C02300BD516E /* Assets.xcassets in Resources */ = {isa = PBXBuildFile; fileRef = 722C427B2BD6C02300BD516E /* Assets.xcassets */; };
		722C427F2BD6C02300BD516E /* Preview Assets.xcassets in Resources */ = {isa = PBXBuildFile; fileRef = 722C427E2BD6C02300BD516E /* Preview Assets.xcassets */; };
		722C42862BD6C0BA00BD516E /* AppDelegate.swift in Sources */ = {isa = PBXBuildFile; fileRef = 722C42852BD6C0B900BD516E /* AppDelegate.swift */; };
		722C42982BD6C0C900BD516E /* ContentDetailViewModel.swift in Sources */ = {isa = PBXBuildFile; fileRef = 722C42872BD6C0C900BD516E /* ContentDetailViewModel.swift */; };
		722C42992BD6C0C900BD516E /* ContentViewModel.swift in Sources */ = {isa = PBXBuildFile; fileRef = 722C42882BD6C0C900BD516E /* ContentViewModel.swift */; };
		722C429A2BD6C0C900BD516E /* Person.swift in Sources */ = {isa = PBXBuildFile; fileRef = 722C42892BD6C0C900BD516E /* Person.swift */; };
		722C429B2BD6C0C900BD516E /* Repository.swift in Sources */ = {isa = PBXBuildFile; fileRef = 722C428A2BD6C0C900BD516E /* Repository.swift */; };
		722C429C2BD6C0C900BD516E /* NetworkMonitor.swift in Sources */ = {isa = PBXBuildFile; fileRef = 722C428C2BD6C0C900BD516E /* NetworkMonitor.swift */; };
		722C429E2BD6C0C900BD516E /* Client.swift in Sources */ = {isa = PBXBuildFile; fileRef = 722C428F2BD6C0C900BD516E /* Client.swift */; };
		722C429F2BD6C0C900BD516E /* PersonDTO.swift in Sources */ = {isa = PBXBuildFile; fileRef = 722C42902BD6C0C900BD516E /* PersonDTO.swift */; };
		722C42A02BD6C0C900BD516E /* Resource.swift in Sources */ = {isa = PBXBuildFile; fileRef = 722C42912BD6C0C900BD516E /* Resource.swift */; };
		722C42A12BD6C0C900BD516E /* NavigationLazyView.swift in Sources */ = {isa = PBXBuildFile; fileRef = 722C42932BD6C0C900BD516E /* NavigationLazyView.swift */; };
		722C42A22BD6C0C900BD516E /* ContentDetailView.swift in Sources */ = {isa = PBXBuildFile; fileRef = 722C42952BD6C0C900BD516E /* ContentDetailView.swift */; };
		722C42A32BD6C0C900BD516E /* AnalyticsService.swift in Sources */ = {isa = PBXBuildFile; fileRef = 722C42962BD6C0C900BD516E /* AnalyticsService.swift */; };
		722C42A62BD6C0EF00BD516E /* SwiftUINavigation in Frameworks */ = {isa = PBXBuildFile; productRef = 722C42A52BD6C0EF00BD516E /* SwiftUINavigation */; };
		722C42A82BD6C0EF00BD516E /* SwiftUINavigationCore in Frameworks */ = {isa = PBXBuildFile; productRef = 722C42A72BD6C0EF00BD516E /* SwiftUINavigationCore */; };
		722C42AB2BD6C0FC00BD516E /* Dependencies in Frameworks */ = {isa = PBXBuildFile; productRef = 722C42AA2BD6C0FC00BD516E /* Dependencies */; };
		722C42AD2BD6C0FC00BD516E /* DependenciesMacros in Frameworks */ = {isa = PBXBuildFile; productRef = 722C42AC2BD6C0FC00BD516E /* DependenciesMacros */; };
		723F2DD82BD817B3008BD26B /* Item.swift in Sources */ = {isa = PBXBuildFile; fileRef = 723F2DD72BD817B3008BD26B /* Item.swift */; };
		723F2DDA2BD8180D008BD26B /* ContentDataView.swift in Sources */ = {isa = PBXBuildFile; fileRef = 723F2DD92BD8180D008BD26B /* ContentDataView.swift */; };
		72B38BE42BD7055D002726F1 /* ContentView.swift in Sources */ = {isa = PBXBuildFile; fileRef = 72B38BE32BD7055D002726F1 /* ContentView.swift */; };
/* End PBXBuildFile section */

/* Begin PBXFileReference section */
		722C42742BD6C02100BD516E /* AsyncArchitecture.app */ = {isa = PBXFileReference; explicitFileType = wrapper.application; includeInIndex = 0; path = AsyncArchitecture.app; sourceTree = BUILT_PRODUCTS_DIR; };
		722C42772BD6C02100BD516E /* AsyncArchitectureApp.swift */ = {isa = PBXFileReference; lastKnownFileType = sourcecode.swift; path = AsyncArchitectureApp.swift; sourceTree = "<group>"; };
		722C427B2BD6C02300BD516E /* Assets.xcassets */ = {isa = PBXFileReference; lastKnownFileType = folder.assetcatalog; path = Assets.xcassets; sourceTree = "<group>"; };
		722C427E2BD6C02300BD516E /* Preview Assets.xcassets */ = {isa = PBXFileReference; lastKnownFileType = folder.assetcatalog; path = "Preview Assets.xcassets"; sourceTree = "<group>"; };
		722C42852BD6C0B900BD516E /* AppDelegate.swift */ = {isa = PBXFileReference; fileEncoding = 4; lastKnownFileType = sourcecode.swift; path = AppDelegate.swift; sourceTree = "<group>"; };
		722C42872BD6C0C900BD516E /* ContentDetailViewModel.swift */ = {isa = PBXFileReference; fileEncoding = 4; lastKnownFileType = sourcecode.swift; path = ContentDetailViewModel.swift; sourceTree = "<group>"; };
		722C42882BD6C0C900BD516E /* ContentViewModel.swift */ = {isa = PBXFileReference; fileEncoding = 4; lastKnownFileType = sourcecode.swift; path = ContentViewModel.swift; sourceTree = "<group>"; };
		722C42892BD6C0C900BD516E /* Person.swift */ = {isa = PBXFileReference; fileEncoding = 4; lastKnownFileType = sourcecode.swift; path = Person.swift; sourceTree = "<group>"; };
		722C428A2BD6C0C900BD516E /* Repository.swift */ = {isa = PBXFileReference; fileEncoding = 4; lastKnownFileType = sourcecode.swift; path = Repository.swift; sourceTree = "<group>"; };
		722C428C2BD6C0C900BD516E /* NetworkMonitor.swift */ = {isa = PBXFileReference; fileEncoding = 4; lastKnownFileType = sourcecode.swift; path = NetworkMonitor.swift; sourceTree = "<group>"; };
		722C428F2BD6C0C900BD516E /* Client.swift */ = {isa = PBXFileReference; fileEncoding = 4; lastKnownFileType = sourcecode.swift; path = Client.swift; sourceTree = "<group>"; };
		722C42902BD6C0C900BD516E /* PersonDTO.swift */ = {isa = PBXFileReference; fileEncoding = 4; lastKnownFileType = sourcecode.swift; path = PersonDTO.swift; sourceTree = "<group>"; };
		722C42912BD6C0C900BD516E /* Resource.swift */ = {isa = PBXFileReference; fileEncoding = 4; lastKnownFileType = sourcecode.swift; path = Resource.swift; sourceTree = "<group>"; };
		722C42932BD6C0C900BD516E /* NavigationLazyView.swift */ = {isa = PBXFileReference; fileEncoding = 4; lastKnownFileType = sourcecode.swift; path = NavigationLazyView.swift; sourceTree = "<group>"; };
		722C42952BD6C0C900BD516E /* ContentDetailView.swift */ = {isa = PBXFileReference; fileEncoding = 4; lastKnownFileType = sourcecode.swift; path = ContentDetailView.swift; sourceTree = "<group>"; };
		722C42962BD6C0C900BD516E /* AnalyticsService.swift */ = {isa = PBXFileReference; fileEncoding = 4; lastKnownFileType = sourcecode.swift; path = AnalyticsService.swift; sourceTree = "<group>"; };
		723F2DD72BD817B3008BD26B /* Item.swift */ = {isa = PBXFileReference; lastKnownFileType = sourcecode.swift; path = Item.swift; sourceTree = "<group>"; };
		723F2DD92BD8180D008BD26B /* ContentDataView.swift */ = {isa = PBXFileReference; lastKnownFileType = sourcecode.swift; path = ContentDataView.swift; sourceTree = "<group>"; };
		72B38BE32BD7055D002726F1 /* ContentView.swift */ = {isa = PBXFileReference; fileEncoding = 4; lastKnownFileType = sourcecode.swift; path = ContentView.swift; sourceTree = "<group>"; };
/* End PBXFileReference section */

/* Begin PBXFrameworksBuildPhase section */
		722C42712BD6C02100BD516E /* Frameworks */ = {
			isa = PBXFrameworksBuildPhase;
			buildActionMask = 2147483647;
			files = (
				722C42AB2BD6C0FC00BD516E /* Dependencies in Frameworks */,
				722C42A62BD6C0EF00BD516E /* SwiftUINavigation in Frameworks */,
				722C42AD2BD6C0FC00BD516E /* DependenciesMacros in Frameworks */,
				722C42A82BD6C0EF00BD516E /* SwiftUINavigationCore in Frameworks */,
			);
			runOnlyForDeploymentPostprocessing = 0;
		};
/* End PBXFrameworksBuildPhase section */

/* Begin PBXGroup section */
		722C426B2BD6C02100BD516E = {
			isa = PBXGroup;
			children = (
				722C42762BD6C02100BD516E /* AsyncArchitecture */,
				722C42752BD6C02100BD516E /* Products */,
			);
			sourceTree = "<group>";
		};
		722C42752BD6C02100BD516E /* Products */ = {
			isa = PBXGroup;
			children = (
				722C42742BD6C02100BD516E /* AsyncArchitecture.app */,
			);
			name = Products;
			sourceTree = "<group>";
		};
		722C42762BD6C02100BD516E /* AsyncArchitecture */ = {
			isa = PBXGroup;
			children = (
				722C42772BD6C02100BD516E /* AsyncArchitectureApp.swift */,
				722C42852BD6C0B900BD516E /* AppDelegate.swift */,
				722C42972BD6C0C900BD516E /* Analytics */,
				722C42952BD6C0C900BD516E /* ContentDetailView.swift */,
				722C42872BD6C0C900BD516E /* ContentDetailViewModel.swift */,
				72B38BE32BD7055D002726F1 /* ContentView.swift */,
				722C42882BD6C0C900BD516E /* ContentViewModel.swift */,
				723F2DD92BD8180D008BD26B /* ContentDataView.swift */,
				722C42922BD6C0C900BD516E /* Network */,
				722C428B2BD6C0C900BD516E /* Repository */,
				722C42942BD6C0C900BD516E /* UIUtilsAndViews */,
				722C428D2BD6C0C900BD516E /* Utils */,
				722C427B2BD6C02300BD516E /* Assets.xcassets */,
				722C427D2BD6C02300BD516E /* Preview Content */,
			);
			path = AsyncArchitecture;
			sourceTree = "<group>";
		};
		722C427D2BD6C02300BD516E /* Preview Content */ = {
			isa = PBXGroup;
			children = (
				722C427E2BD6C02300BD516E /* Preview Assets.xcassets */,
			);
			path = "Preview Content";
			sourceTree = "<group>";
		};
		722C428B2BD6C0C900BD516E /* Repository */ = {
			isa = PBXGroup;
			children = (
				722C42892BD6C0C900BD516E /* Person.swift */,
				722C428A2BD6C0C900BD516E /* Repository.swift */,
				723F2DD72BD817B3008BD26B /* Item.swift */,
			);
			path = Repository;
			sourceTree = "<group>";
		};
		722C428D2BD6C0C900BD516E /* Utils */ = {
			isa = PBXGroup;
			children = (
				722C428C2BD6C0C900BD516E /* NetworkMonitor.swift */,
			);
			path = Utils;
			sourceTree = "<group>";
		};
		722C42922BD6C0C900BD516E /* Network */ = {
			isa = PBXGroup;
			children = (
				722C428F2BD6C0C900BD516E /* Client.swift */,
				722C42902BD6C0C900BD516E /* PersonDTO.swift */,
				722C42912BD6C0C900BD516E /* Resource.swift */,
			);
			path = Network;
			sourceTree = "<group>";
		};
		722C42942BD6C0C900BD516E /* UIUtilsAndViews */ = {
			isa = PBXGroup;
			children = (
				722C42932BD6C0C900BD516E /* NavigationLazyView.swift */,
			);
			path = UIUtilsAndViews;
			sourceTree = "<group>";
		};
		722C42972BD6C0C900BD516E /* Analytics */ = {
			isa = PBXGroup;
			children = (
				722C42962BD6C0C900BD516E /* AnalyticsService.swift */,
			);
			path = Analytics;
			sourceTree = "<group>";
		};
/* End PBXGroup section */

/* Begin PBXNativeTarget section */
		722C42732BD6C02100BD516E /* AsyncArchitecture */ = {
			isa = PBXNativeTarget;
			buildConfigurationList = 722C42822BD6C02300BD516E /* Build configuration list for PBXNativeTarget "AsyncArchitecture" */;
			buildPhases = (
				722C42702BD6C02100BD516E /* Sources */,
				722C42712BD6C02100BD516E /* Frameworks */,
				722C42722BD6C02100BD516E /* Resources */,
			);
			buildRules = (
			);
			dependencies = (
			);
			name = AsyncArchitecture;
			packageProductDependencies = (
				722C42A52BD6C0EF00BD516E /* SwiftUINavigation */,
				722C42A72BD6C0EF00BD516E /* SwiftUINavigationCore */,
				722C42AA2BD6C0FC00BD516E /* Dependencies */,
				722C42AC2BD6C0FC00BD516E /* DependenciesMacros */,
			);
			productName = AsyncArchitecture;
			productReference = 722C42742BD6C02100BD516E /* AsyncArchitecture.app */;
			productType = "com.apple.product-type.application";
		};
/* End PBXNativeTarget section */

/* Begin PBXProject section */
		722C426C2BD6C02100BD516E /* Project object */ = {
			isa = PBXProject;
			attributes = {
				BuildIndependentTargetsInParallel = 1;
				LastSwiftUpdateCheck = 1530;
				LastUpgradeCheck = 1530;
				TargetAttributes = {
					722C42732BD6C02100BD516E = {
						CreatedOnToolsVersion = 15.3;
					};
				};
			};
			buildConfigurationList = 722C426F2BD6C02100BD516E /* Build configuration list for PBXProject "AsyncArchitecture" */;
			compatibilityVersion = "Xcode 14.0";
			developmentRegion = en;
			hasScannedForEncodings = 0;
			knownRegions = (
				en,
				Base,
			);
			mainGroup = 722C426B2BD6C02100BD516E;
			packageReferences = (
				722C42A42BD6C0EF00BD516E /* XCRemoteSwiftPackageReference "swiftui-navigation" */,
				722C42A92BD6C0FC00BD516E /* XCRemoteSwiftPackageReference "swift-dependencies" */,
			);
			productRefGroup = 722C42752BD6C02100BD516E /* Products */;
			projectDirPath = "";
			projectRoot = "";
			targets = (
				722C42732BD6C02100BD516E /* AsyncArchitecture */,
			);
		};
/* End PBXProject section */

/* Begin PBXResourcesBuildPhase section */
		722C42722BD6C02100BD516E /* Resources */ = {
			isa = PBXResourcesBuildPhase;
			buildActionMask = 2147483647;
			files = (
				722C427F2BD6C02300BD516E /* Preview Assets.xcassets in Resources */,
				722C427C2BD6C02300BD516E /* Assets.xcassets in Resources */,
			);
			runOnlyForDeploymentPostprocessing = 0;
		};
/* End PBXResourcesBuildPhase section */

/* Begin PBXSourcesBuildPhase section */
		722C42702BD6C02100BD516E /* Sources */ = {
			isa = PBXSourcesBuildPhase;
			buildActionMask = 2147483647;
			files = (
				722C429B2BD6C0C900BD516E /* Repository.swift in Sources */,
				722C429C2BD6C0C900BD516E /* NetworkMonitor.swift in Sources */,
				72B38BE42BD7055D002726F1 /* ContentView.swift in Sources */,
				723F2DD82BD817B3008BD26B /* Item.swift in Sources */,
				722C429A2BD6C0C900BD516E /* Person.swift in Sources */,
				722C42A22BD6C0C900BD516E /* ContentDetailView.swift in Sources */,
				722C42A12BD6C0C900BD516E /* NavigationLazyView.swift in Sources */,
				722C42862BD6C0BA00BD516E /* AppDelegate.swift in Sources */,
				722C42982BD6C0C900BD516E /* ContentDetailViewModel.swift in Sources */,
				722C429F2BD6C0C900BD516E /* PersonDTO.swift in Sources */,
				723F2DDA2BD8180D008BD26B /* ContentDataView.swift in Sources */,
				722C42782BD6C02100BD516E /* AsyncArchitectureApp.swift in Sources */,
				722C42A32BD6C0C900BD516E /* AnalyticsService.swift in Sources */,
				722C42A02BD6C0C900BD516E /* Resource.swift in Sources */,
				722C429E2BD6C0C900BD516E /* Client.swift in Sources */,
				722C42992BD6C0C900BD516E /* ContentViewModel.swift in Sources */,
			);
			runOnlyForDeploymentPostprocessing = 0;
		};
/* End PBXSourcesBuildPhase section */

/* Begin XCBuildConfiguration section */
		722C42802BD6C02300BD516E /* Debug */ = {
			isa = XCBuildConfiguration;
			buildSettings = {
				ALWAYS_SEARCH_USER_PATHS = NO;
				ASSETCATALOG_COMPILER_GENERATE_SWIFT_ASSET_SYMBOL_EXTENSIONS = YES;
				CLANG_ANALYZER_NONNULL = YES;
				CLANG_ANALYZER_NUMBER_OBJECT_CONVERSION = YES_AGGRESSIVE;
				CLANG_CXX_LANGUAGE_STANDARD = "gnu++20";
				CLANG_ENABLE_MODULES = YES;
				CLANG_ENABLE_OBJC_ARC = YES;
				CLANG_ENABLE_OBJC_WEAK = YES;
				CLANG_WARN_BLOCK_CAPTURE_AUTORELEASING = YES;
				CLANG_WARN_BOOL_CONVERSION = YES;
				CLANG_WARN_COMMA = YES;
				CLANG_WARN_CONSTANT_CONVERSION = YES;
				CLANG_WARN_DEPRECATED_OBJC_IMPLEMENTATIONS = YES;
				CLANG_WARN_DIRECT_OBJC_ISA_USAGE = YES_ERROR;
				CLANG_WARN_DOCUMENTATION_COMMENTS = YES;
				CLANG_WARN_EMPTY_BODY = YES;
				CLANG_WARN_ENUM_CONVERSION = YES;
				CLANG_WARN_INFINITE_RECURSION = YES;
				CLANG_WARN_INT_CONVERSION = YES;
				CLANG_WARN_NON_LITERAL_NULL_CONVERSION = YES;
				CLANG_WARN_OBJC_IMPLICIT_RETAIN_SELF = YES;
				CLANG_WARN_OBJC_LITERAL_CONVERSION = YES;
				CLANG_WARN_OBJC_ROOT_CLASS = YES_ERROR;
				CLANG_WARN_QUOTED_INCLUDE_IN_FRAMEWORK_HEADER = YES;
				CLANG_WARN_RANGE_LOOP_ANALYSIS = YES;
				CLANG_WARN_STRICT_PROTOTYPES = YES;
				CLANG_WARN_SUSPICIOUS_MOVE = YES;
				CLANG_WARN_UNGUARDED_AVAILABILITY = YES_AGGRESSIVE;
				CLANG_WARN_UNREACHABLE_CODE = YES;
				CLANG_WARN__DUPLICATE_METHOD_MATCH = YES;
				COPY_PHASE_STRIP = NO;
				DEBUG_INFORMATION_FORMAT = dwarf;
				ENABLE_STRICT_OBJC_MSGSEND = YES;
				ENABLE_TESTABILITY = YES;
				ENABLE_USER_SCRIPT_SANDBOXING = YES;
				GCC_C_LANGUAGE_STANDARD = gnu17;
				GCC_DYNAMIC_NO_PIC = NO;
				GCC_NO_COMMON_BLOCKS = YES;
				GCC_OPTIMIZATION_LEVEL = 0;
				GCC_PREPROCESSOR_DEFINITIONS = (
					"DEBUG=1",
					"$(inherited)",
				);
				GCC_WARN_64_TO_32_BIT_CONVERSION = YES;
				GCC_WARN_ABOUT_RETURN_TYPE = YES_ERROR;
				GCC_WARN_UNDECLARED_SELECTOR = YES;
				GCC_WARN_UNINITIALIZED_AUTOS = YES_AGGRESSIVE;
				GCC_WARN_UNUSED_FUNCTION = YES;
				GCC_WARN_UNUSED_VARIABLE = YES;
				IPHONEOS_DEPLOYMENT_TARGET = 17.4;
				LOCALIZATION_PREFERS_STRING_CATALOGS = YES;
				MTL_ENABLE_DEBUG_INFO = INCLUDE_SOURCE;
				MTL_FAST_MATH = YES;
				ONLY_ACTIVE_ARCH = YES;
				SDKROOT = iphoneos;
				SWIFT_ACTIVE_COMPILATION_CONDITIONS = "DEBUG $(inherited)";
				SWIFT_OPTIMIZATION_LEVEL = "-Onone";
			};
			name = Debug;
		};
		722C42812BD6C02300BD516E /* Release */ = {
			isa = XCBuildConfiguration;
			buildSettings = {
				ALWAYS_SEARCH_USER_PATHS = NO;
				ASSETCATALOG_COMPILER_GENERATE_SWIFT_ASSET_SYMBOL_EXTENSIONS = YES;
				CLANG_ANALYZER_NONNULL = YES;
				CLANG_ANALYZER_NUMBER_OBJECT_CONVERSION = YES_AGGRESSIVE;
				CLANG_CXX_LANGUAGE_STANDARD = "gnu++20";
				CLANG_ENABLE_MODULES = YES;
				CLANG_ENABLE_OBJC_ARC = YES;
				CLANG_ENABLE_OBJC_WEAK = YES;
				CLANG_WARN_BLOCK_CAPTURE_AUTORELEASING = YES;
				CLANG_WARN_BOOL_CONVERSION = YES;
				CLANG_WARN_COMMA = YES;
				CLANG_WARN_CONSTANT_CONVERSION = YES;
				CLANG_WARN_DEPRECATED_OBJC_IMPLEMENTATIONS = YES;
				CLANG_WARN_DIRECT_OBJC_ISA_USAGE = YES_ERROR;
				CLANG_WARN_DOCUMENTATION_COMMENTS = YES;
				CLANG_WARN_EMPTY_BODY = YES;
				CLANG_WARN_ENUM_CONVERSION = YES;
				CLANG_WARN_INFINITE_RECURSION = YES;
				CLANG_WARN_INT_CONVERSION = YES;
				CLANG_WARN_NON_LITERAL_NULL_CONVERSION = YES;
				CLANG_WARN_OBJC_IMPLICIT_RETAIN_SELF = YES;
				CLANG_WARN_OBJC_LITERAL_CONVERSION = YES;
				CLANG_WARN_OBJC_ROOT_CLASS = YES_ERROR;
				CLANG_WARN_QUOTED_INCLUDE_IN_FRAMEWORK_HEADER = YES;
				CLANG_WARN_RANGE_LOOP_ANALYSIS = YES;
				CLANG_WARN_STRICT_PROTOTYPES = YES;
				CLANG_WARN_SUSPICIOUS_MOVE = YES;
				CLANG_WARN_UNGUARDED_AVAILABILITY = YES_AGGRESSIVE;
				CLANG_WARN_UNREACHABLE_CODE = YES;
				CLANG_WARN__DUPLICATE_METHOD_MATCH = YES;
				COPY_PHASE_STRIP = NO;
				DEBUG_INFORMATION_FORMAT = "dwarf-with-dsym";
				ENABLE_NS_ASSERTIONS = NO;
				ENABLE_STRICT_OBJC_MSGSEND = YES;
				ENABLE_USER_SCRIPT_SANDBOXING = YES;
				GCC_C_LANGUAGE_STANDARD = gnu17;
				GCC_NO_COMMON_BLOCKS = YES;
				GCC_WARN_64_TO_32_BIT_CONVERSION = YES;
				GCC_WARN_ABOUT_RETURN_TYPE = YES_ERROR;
				GCC_WARN_UNDECLARED_SELECTOR = YES;
				GCC_WARN_UNINITIALIZED_AUTOS = YES_AGGRESSIVE;
				GCC_WARN_UNUSED_FUNCTION = YES;
				GCC_WARN_UNUSED_VARIABLE = YES;
				IPHONEOS_DEPLOYMENT_TARGET = 17.4;
				LOCALIZATION_PREFERS_STRING_CATALOGS = YES;
				MTL_ENABLE_DEBUG_INFO = NO;
				MTL_FAST_MATH = YES;
				SDKROOT = iphoneos;
				SWIFT_COMPILATION_MODE = wholemodule;
				VALIDATE_PRODUCT = YES;
			};
			name = Release;
		};
		722C42832BD6C02300BD516E /* Debug */ = {
			isa = XCBuildConfiguration;
			buildSettings = {
				ASSETCATALOG_COMPILER_APPICON_NAME = AppIcon;
				ASSETCATALOG_COMPILER_GLOBAL_ACCENT_COLOR_NAME = AccentColor;
				CODE_SIGN_STYLE = Automatic;
				CURRENT_PROJECT_VERSION = 1;
				DEVELOPMENT_ASSET_PATHS = "\"AsyncArchitecture/Preview Content\"";
				DEVELOPMENT_TEAM = 859ZQDY286;
				ENABLE_PREVIEWS = YES;
				GENERATE_INFOPLIST_FILE = YES;
				INFOPLIST_KEY_UIApplicationSceneManifest_Generation = YES;
				INFOPLIST_KEY_UIApplicationSupportsIndirectInputEvents = YES;
				INFOPLIST_KEY_UILaunchScreen_Generation = YES;
				INFOPLIST_KEY_UISupportedInterfaceOrientations_iPad = "UIInterfaceOrientationPortrait UIInterfaceOrientationPortraitUpsideDown UIInterfaceOrientationLandscapeLeft UIInterfaceOrientationLandscapeRight";
				INFOPLIST_KEY_UISupportedInterfaceOrientations_iPhone = "UIInterfaceOrientationPortrait UIInterfaceOrientationLandscapeLeft UIInterfaceOrientationLandscapeRight";
				LD_RUNPATH_SEARCH_PATHS = (
					"$(inherited)",
					"@executable_path/Frameworks",
				);
				MARKETING_VERSION = 1.0;
				PRODUCT_BUNDLE_IDENTIFIER = com.koxaras.AsyncArchitecture;
				PRODUCT_NAME = "$(TARGET_NAME)";
				SWIFT_EMIT_LOC_STRINGS = YES;
				SWIFT_STRICT_CONCURRENCY = complete;
				SWIFT_VERSION = 6.0;
				TARGETED_DEVICE_FAMILY = "1,2";
			};
			name = Debug;
		};
		722C42842BD6C02300BD516E /* Release */ = {
			isa = XCBuildConfiguration;
			buildSettings = {
				ASSETCATALOG_COMPILER_APPICON_NAME = AppIcon;
				ASSETCATALOG_COMPILER_GLOBAL_ACCENT_COLOR_NAME = AccentColor;
				CODE_SIGN_STYLE = Automatic;
				CURRENT_PROJECT_VERSION = 1;
				DEVELOPMENT_ASSET_PATHS = "\"AsyncArchitecture/Preview Content\"";
				DEVELOPMENT_TEAM = 859ZQDY286;
				ENABLE_PREVIEWS = YES;
				GENERATE_INFOPLIST_FILE = YES;
				INFOPLIST_KEY_UIApplicationSceneManifest_Generation = YES;
				INFOPLIST_KEY_UIApplicationSupportsIndirectInputEvents = YES;
				INFOPLIST_KEY_UILaunchScreen_Generation = YES;
				INFOPLIST_KEY_UISupportedInterfaceOrientations_iPad = "UIInterfaceOrientationPortrait UIInterfaceOrientationPortraitUpsideDown UIInterfaceOrientationLandscapeLeft UIInterfaceOrientationLandscapeRight";
				INFOPLIST_KEY_UISupportedInterfaceOrientations_iPhone = "UIInterfaceOrientationPortrait UIInterfaceOrientationLandscapeLeft UIInterfaceOrientationLandscapeRight";
				LD_RUNPATH_SEARCH_PATHS = (
					"$(inherited)",
					"@executable_path/Frameworks",
				);
				MARKETING_VERSION = 1.0;
				PRODUCT_BUNDLE_IDENTIFIER = com.koxaras.AsyncArchitecture;
				PRODUCT_NAME = "$(TARGET_NAME)";
				SWIFT_EMIT_LOC_STRINGS = YES;
				SWIFT_STRICT_CONCURRENCY = complete;
				SWIFT_VERSION = 6.0;
				TARGETED_DEVICE_FAMILY = "1,2";
			};
			name = Release;
		};
/* End XCBuildConfiguration section */

/* Begin XCConfigurationList section */
		722C426F2BD6C02100BD516E /* Build configuration list for PBXProject "AsyncArchitecture" */ = {
			isa = XCConfigurationList;
			buildConfigurations = (
				722C42802BD6C02300BD516E /* Debug */,
				722C42812BD6C02300BD516E /* Release */,
			);
			defaultConfigurationIsVisible = 0;
			defaultConfigurationName = Release;
		};
		722C42822BD6C02300BD516E /* Build configuration list for PBXNativeTarget "AsyncArchitecture" */ = {
			isa = XCConfigurationList;
			buildConfigurations = (
				722C42832BD6C02300BD516E /* Debug */,
				722C42842BD6C02300BD516E /* Release */,
			);
			defaultConfigurationIsVisible = 0;
			defaultConfigurationName = Release;
		};
/* End XCConfigurationList section */

/* Begin XCRemoteSwiftPackageReference section */
		722C42A42BD6C0EF00BD516E /* XCRemoteSwiftPackageReference "swiftui-navigation" */ = {
			isa = XCRemoteSwiftPackageReference;
			repositoryURL = "https://github.com/pointfreeco/swiftui-navigation.git";
			requirement = {
				kind = upToNextMajorVersion;
				minimumVersion = 1.3.0;
			};
		};
		722C42A92BD6C0FC00BD516E /* XCRemoteSwiftPackageReference "swift-dependencies" */ = {
			isa = XCRemoteSwiftPackageReference;
			repositoryURL = "https://github.com/pointfreeco/swift-dependencies";
			requirement = {
				kind = upToNextMajorVersion;
				minimumVersion = 1.2.2;
			};
		};
/* End XCRemoteSwiftPackageReference section */

/* Begin XCSwiftPackageProductDependency section */
		722C42A52BD6C0EF00BD516E /* SwiftUINavigation */ = {
			isa = XCSwiftPackageProductDependency;
			package = 722C42A42BD6C0EF00BD516E /* XCRemoteSwiftPackageReference "swiftui-navigation" */;
			productName = SwiftUINavigation;
		};
		722C42A72BD6C0EF00BD516E /* SwiftUINavigationCore */ = {
			isa = XCSwiftPackageProductDependency;
			package = 722C42A42BD6C0EF00BD516E /* XCRemoteSwiftPackageReference "swiftui-navigation" */;
			productName = SwiftUINavigationCore;
		};
		722C42AA2BD6C0FC00BD516E /* Dependencies */ = {
			isa = XCSwiftPackageProductDependency;
			package = 722C42A92BD6C0FC00BD516E /* XCRemoteSwiftPackageReference "swift-dependencies" */;
			productName = Dependencies;
		};
		722C42AC2BD6C0FC00BD516E /* DependenciesMacros */ = {
			isa = XCSwiftPackageProductDependency;
			package = 722C42A92BD6C0FC00BD516E /* XCRemoteSwiftPackageReference "swift-dependencies" */;
			productName = DependenciesMacros;
		};
/* End XCSwiftPackageProductDependency section */
	};
	rootObject = 722C426C2BD6C02100BD516E /* Project object */;
}
